
Microsoft Visual Studio Solution File, Format Version 12.00
# Visual Studio Version 17
VisualStudioVersion = 17.7.34031.279
MinimumVisualStudioVersion = 10.0.40219.1
Project("{FAE04EC0-301F-11D3-BF4B-00C04F79EFBC}") = "T33 MailBook with Lambda", "T33 MailBook with Lambda\T33 MailBook with Lambda.csproj", "{C877740C-1923-47B5-8327-63850EDAEFFC}"
EndProject
Global
	GlobalSection(SolutionConfigurationPlatforms) = preSolution
		Debug|Any CPU = Debug|Any CPU
		Release|Any CPU = Release|Any CPU
	EndGlobalSection
	GlobalSection(ProjectConfigurationPlatforms) = postSolution
		{C877740C-1923-47B5-8327-63850EDAEFFC}.Debug|Any CPU.ActiveCfg = Debug|Any CPU
		{C877740C-1923-47B5-8327-63850EDAEFFC}.Debug|Any CPU.Build.0 = Debug|Any CPU
		{C877740C-1923-47B5-8327-63850EDAEFFC}.Release|Any CPU.ActiveCfg = Release|Any CPU
		{C877740C-1923-47B5-8327-63850EDAEFFC}.Release|Any CPU.Build.0 = Release|Any CPU
	EndGlobalSection
	GlobalSection(SolutionProperties) = preSolution
		HideSolutionNode = FALSE
	EndGlobalSection
	GlobalSection(ExtensibilityGlobals) = postSolution
		SolutionGuid = {7F8969C5-6CF4-48D6-AA8A-86E841EF5F29}
	EndGlobalSection
EndGlobal
