
Microsoft Visual Studio Solution File, Format Version 12.00
# Visual Studio Version 17
VisualStudioVersion = 17.7.34031.279
MinimumVisualStudioVersion = 10.0.40219.1
Project("{FAE04EC0-301F-11D3-BF4B-00C04F79EFBC}") = "T39 Timer", "T39 Timer\T39 Timer.csproj", "{A26BBA38-6448-4EE0-9093-C0905FF3EC99}"
EndProject
Global
	GlobalSection(SolutionConfigurationPlatforms) = preSolution
		Debug|Any CPU = Debug|Any CPU
		Release|Any CPU = Release|Any CPU
	EndGlobalSection
	GlobalSection(ProjectConfigurationPlatforms) = postSolution
		{A26BBA38-6448-4EE0-9093-C0905FF3EC99}.Debug|Any CPU.ActiveCfg = Debug|Any CPU
		{A26BBA38-6448-4EE0-9093-C0905FF3EC99}.Debug|Any CPU.Build.0 = Debug|Any CPU
		{A26BBA38-6448-4EE0-9093-C0905FF3EC99}.Release|Any CPU.ActiveCfg = Release|Any CPU
		{A26BBA38-6448-4EE0-9093-C0905FF3EC99}.Release|Any CPU.Build.0 = Release|Any CPU
	EndGlobalSection
	GlobalSection(SolutionProperties) = preSolution
		HideSolutionNode = FALSE
	EndGlobalSection
	GlobalSection(ExtensibilityGlobals) = postSolution
		SolutionGuid = {53EC02EC-F6C2-41D1-8973-90D485D625D5}
	EndGlobalSection
EndGlobal
