
Microsoft Visual Studio Solution File, Format Version 12.00
# Visual Studio Version 17
VisualStudioVersion = 17.7.34031.279
MinimumVisualStudioVersion = 10.0.40219.1
Project("{FAE04EC0-301F-11D3-BF4B-00C04F79EFBC}") = "T14 Amplifier", "T14 Amplifier\T14 Amplifier.csproj", "{47427B32-068A-4ABE-B481-1C87C9927DEA}"
EndProject
Global
	GlobalSection(SolutionConfigurationPlatforms) = preSolution
		Debug|Any CPU = Debug|Any CPU
		Release|Any CPU = Release|Any CPU
	EndGlobalSection
	GlobalSection(ProjectConfigurationPlatforms) = postSolution
		{47427B32-068A-4ABE-B481-1C87C9927DEA}.Debug|Any CPU.ActiveCfg = Debug|Any CPU
		{47427B32-068A-4ABE-B481-1C87C9927DEA}.Debug|Any CPU.Build.0 = Debug|Any CPU
		{47427B32-068A-4ABE-B481-1C87C9927DEA}.Release|Any CPU.ActiveCfg = Release|Any CPU
		{47427B32-068A-4ABE-B481-1C87C9927DEA}.Release|Any CPU.Build.0 = Release|Any CPU
	EndGlobalSection
	GlobalSection(SolutionProperties) = preSolution
		HideSolutionNode = FALSE
	EndGlobalSection
	GlobalSection(ExtensibilityGlobals) = postSolution
		SolutionGuid = {879B9121-59F8-447D-9AED-7272BCE2EF4E}
	EndGlobalSection
EndGlobal
