
Microsoft Visual Studio Solution File, Format Version 12.00
# Visual Studio Version 17
VisualStudioVersion = 17.7.34031.279
MinimumVisualStudioVersion = 10.0.40219.1
Project("{FAE04EC0-301F-11D3-BF4B-00C04F79EFBC}") = "T2 Hill jumping", "T2 Hill jumping\T2 Hill jumping.csproj", "{F59C9AAB-3AAC-4205-88B0-798724615F4E}"
EndProject
Global
	GlobalSection(SolutionConfigurationPlatforms) = preSolution
		Debug|Any CPU = Debug|Any CPU
		Release|Any CPU = Release|Any CPU
	EndGlobalSection
	GlobalSection(ProjectConfigurationPlatforms) = postSolution
		{F59C9AAB-3AAC-4205-88B0-798724615F4E}.Debug|Any CPU.ActiveCfg = Debug|Any CPU
		{F59C9AAB-3AAC-4205-88B0-798724615F4E}.Debug|Any CPU.Build.0 = Debug|Any CPU
		{F59C9AAB-3AAC-4205-88B0-798724615F4E}.Release|Any CPU.ActiveCfg = Release|Any CPU
		{F59C9AAB-3AAC-4205-88B0-798724615F4E}.Release|Any CPU.Build.0 = Release|Any CPU
	EndGlobalSection
	GlobalSection(SolutionProperties) = preSolution
		HideSolutionNode = FALSE
	EndGlobalSection
	GlobalSection(ExtensibilityGlobals) = postSolution
		SolutionGuid = {1C4D5EEB-6CFB-4227-B7B4-2287F3BD5C84}
	EndGlobalSection
EndGlobal
