
Microsoft Visual Studio Solution File, Format Version 12.00
# Visual Studio Version 17
VisualStudioVersion = 17.7.34031.279
MinimumVisualStudioVersion = 10.0.40219.1
Project("{FAE04EC0-301F-11D3-BF4B-00C04F79EFBC}") = "T13 Elevator", "T13 Elevator\T13 Elevator.csproj", "{79CBEF23-BB88-445C-974A-B75FDAED7FFD}"
EndProject
Global
	GlobalSection(SolutionConfigurationPlatforms) = preSolution
		Debug|Any CPU = Debug|Any CPU
		Release|Any CPU = Release|Any CPU
	EndGlobalSection
	GlobalSection(ProjectConfigurationPlatforms) = postSolution
		{79CBEF23-BB88-445C-974A-B75FDAED7FFD}.Debug|Any CPU.ActiveCfg = Debug|Any CPU
		{79CBEF23-BB88-445C-974A-B75FDAED7FFD}.Debug|Any CPU.Build.0 = Debug|Any CPU
		{79CBEF23-BB88-445C-974A-B75FDAED7FFD}.Release|Any CPU.ActiveCfg = Release|Any CPU
		{79CBEF23-BB88-445C-974A-B75FDAED7FFD}.Release|Any CPU.Build.0 = Release|Any CPU
	EndGlobalSection
	GlobalSection(SolutionProperties) = preSolution
		HideSolutionNode = FALSE
	EndGlobalSection
	GlobalSection(ExtensibilityGlobals) = postSolution
		SolutionGuid = {151C2FE2-BC15-437C-B8ED-B1681CBEB24F}
	EndGlobalSection
EndGlobal
