
Microsoft Visual Studio Solution File, Format Version 12.00
# Visual Studio Version 17
VisualStudioVersion = 17.7.34031.279
MinimumVisualStudioVersion = 10.0.40219.1
Project("{FAE04EC0-301F-11D3-BF4B-00C04F79EFBC}") = "T19 Collection", "T19 Collection\T19 Collection.csproj", "{97CF73FC-91B8-47D5-A27B-FE414467275D}"
EndProject
Global
	GlobalSection(SolutionConfigurationPlatforms) = preSolution
		Debug|Any CPU = Debug|Any CPU
		Release|Any CPU = Release|Any CPU
	EndGlobalSection
	GlobalSection(ProjectConfigurationPlatforms) = postSolution
		{97CF73FC-91B8-47D5-A27B-FE414467275D}.Debug|Any CPU.ActiveCfg = Debug|Any CPU
		{97CF73FC-91B8-47D5-A27B-FE414467275D}.Debug|Any CPU.Build.0 = Debug|Any CPU
		{97CF73FC-91B8-47D5-A27B-FE414467275D}.Release|Any CPU.ActiveCfg = Release|Any CPU
		{97CF73FC-91B8-47D5-A27B-FE414467275D}.Release|Any CPU.Build.0 = Release|Any CPU
	EndGlobalSection
	GlobalSection(SolutionProperties) = preSolution
		HideSolutionNode = FALSE
	EndGlobalSection
	GlobalSection(ExtensibilityGlobals) = postSolution
		SolutionGuid = {E875E676-976F-4F97-BC42-9CBDAFF37714}
	EndGlobalSection
EndGlobal
