
Microsoft Visual Studio Solution File, Format Version 12.00
# Visual Studio Version 17
VisualStudioVersion = 17.7.34031.279
MinimumVisualStudioVersion = 10.0.40219.1
Project("{FAE04EC0-301F-11D3-BF4B-00C04F79EFBC}") = "T3 Consumption", "T3 Consumption\T3 Consumption.csproj", "{97C3EAF0-2592-4605-AC51-8F96858E0937}"
EndProject
Global
	GlobalSection(SolutionConfigurationPlatforms) = preSolution
		Debug|Any CPU = Debug|Any CPU
		Release|Any CPU = Release|Any CPU
	EndGlobalSection
	GlobalSection(ProjectConfigurationPlatforms) = postSolution
		{97C3EAF0-2592-4605-AC51-8F96858E0937}.Debug|Any CPU.ActiveCfg = Debug|Any CPU
		{97C3EAF0-2592-4605-AC51-8F96858E0937}.Debug|Any CPU.Build.0 = Debug|Any CPU
		{97C3EAF0-2592-4605-AC51-8F96858E0937}.Release|Any CPU.ActiveCfg = Release|Any CPU
		{97C3EAF0-2592-4605-AC51-8F96858E0937}.Release|Any CPU.Build.0 = Release|Any CPU
	EndGlobalSection
	GlobalSection(SolutionProperties) = preSolution
		HideSolutionNode = FALSE
	EndGlobalSection
	GlobalSection(ExtensibilityGlobals) = postSolution
		SolutionGuid = {81BBC107-88B0-4628-8A82-904567BF9469}
	EndGlobalSection
EndGlobal
