
Microsoft Visual Studio Solution File, Format Version 12.00
# Visual Studio Version 17
VisualStudioVersion = 17.7.34031.279
MinimumVisualStudioVersion = 10.0.40219.1
Project("{FAE04EC0-301F-11D3-BF4B-00C04F79EFBC}") = "T43 Bonus task", "T43 Bonus task\T43 Bonus task.csproj", "{6CF6957E-BD57-434B-9C31-F88AAFE3007C}"
EndProject
Global
	GlobalSection(SolutionConfigurationPlatforms) = preSolution
		Debug|Any CPU = Debug|Any CPU
		Release|Any CPU = Release|Any CPU
	EndGlobalSection
	GlobalSection(ProjectConfigurationPlatforms) = postSolution
		{6CF6957E-BD57-434B-9C31-F88AAFE3007C}.Debug|Any CPU.ActiveCfg = Debug|Any CPU
		{6CF6957E-BD57-434B-9C31-F88AAFE3007C}.Debug|Any CPU.Build.0 = Debug|Any CPU
		{6CF6957E-BD57-434B-9C31-F88AAFE3007C}.Release|Any CPU.ActiveCfg = Release|Any CPU
		{6CF6957E-BD57-434B-9C31-F88AAFE3007C}.Release|Any CPU.Build.0 = Release|Any CPU
	EndGlobalSection
	GlobalSection(SolutionProperties) = preSolution
		HideSolutionNode = FALSE
	EndGlobalSection
	GlobalSection(ExtensibilityGlobals) = postSolution
		SolutionGuid = {1DB62752-05B4-4862-82FF-03FC8D61706E}
	EndGlobalSection
EndGlobal
