
Microsoft Visual Studio Solution File, Format Version 12.00
# Visual Studio Version 17
VisualStudioVersion = 17.7.34031.279
MinimumVisualStudioVersion = 10.0.40219.1
Project("{FAE04EC0-301F-11D3-BF4B-00C04F79EFBC}") = "T15 Employee", "T15 Employee\T15 Employee.csproj", "{89FB23A0-BA5D-4C4E-9ABA-2CDDB39E1D65}"
EndProject
Global
	GlobalSection(SolutionConfigurationPlatforms) = preSolution
		Debug|Any CPU = Debug|Any CPU
		Release|Any CPU = Release|Any CPU
	EndGlobalSection
	GlobalSection(ProjectConfigurationPlatforms) = postSolution
		{89FB23A0-BA5D-4C4E-9ABA-2CDDB39E1D65}.Debug|Any CPU.ActiveCfg = Debug|Any CPU
		{89FB23A0-BA5D-4C4E-9ABA-2CDDB39E1D65}.Debug|Any CPU.Build.0 = Debug|Any CPU
		{89FB23A0-BA5D-4C4E-9ABA-2CDDB39E1D65}.Release|Any CPU.ActiveCfg = Release|Any CPU
		{89FB23A0-BA5D-4C4E-9ABA-2CDDB39E1D65}.Release|Any CPU.Build.0 = Release|Any CPU
	EndGlobalSection
	GlobalSection(SolutionProperties) = preSolution
		HideSolutionNode = FALSE
	EndGlobalSection
	GlobalSection(ExtensibilityGlobals) = postSolution
		SolutionGuid = {A80049AC-5F9D-4062-8041-386A93BD40C5}
	EndGlobalSection
EndGlobal
