
Microsoft Visual Studio Solution File, Format Version 12.00
# Visual Studio Version 17
VisualStudioVersion = 17.7.34031.279
MinimumVisualStudioVersion = 10.0.40219.1
Project("{FAE04EC0-301F-11D3-BF4B-00C04F79EFBC}") = "T28 Refrigerator", "T28 Refrigerator\T28 Refrigerator.csproj", "{0E8DF400-E167-48FF-ADF0-CF0B42B3D059}"
EndProject
Global
	GlobalSection(SolutionConfigurationPlatforms) = preSolution
		Debug|Any CPU = Debug|Any CPU
		Release|Any CPU = Release|Any CPU
	EndGlobalSection
	GlobalSection(ProjectConfigurationPlatforms) = postSolution
		{0E8DF400-E167-48FF-ADF0-CF0B42B3D059}.Debug|Any CPU.ActiveCfg = Debug|Any CPU
		{0E8DF400-E167-48FF-ADF0-CF0B42B3D059}.Debug|Any CPU.Build.0 = Debug|Any CPU
		{0E8DF400-E167-48FF-ADF0-CF0B42B3D059}.Release|Any CPU.ActiveCfg = Release|Any CPU
		{0E8DF400-E167-48FF-ADF0-CF0B42B3D059}.Release|Any CPU.Build.0 = Release|Any CPU
	EndGlobalSection
	GlobalSection(SolutionProperties) = preSolution
		HideSolutionNode = FALSE
	EndGlobalSection
	GlobalSection(ExtensibilityGlobals) = postSolution
		SolutionGuid = {A2FCA2DF-9D22-476A-8B17-64E10AB5ED24}
	EndGlobalSection
EndGlobal
