
Microsoft Visual Studio Solution File, Format Version 12.00
# Visual Studio Version 17
VisualStudioVersion = 17.7.34031.279
MinimumVisualStudioVersion = 10.0.40219.1
Project("{FAE04EC0-301F-11D3-BF4B-00C04F79EFBC}") = "T8 Television", "T8 Television\T8 Television.csproj", "{F8B77778-1448-4E08-B4BA-65C99F641B82}"
EndProject
Global
	GlobalSection(SolutionConfigurationPlatforms) = preSolution
		Debug|Any CPU = Debug|Any CPU
		Release|Any CPU = Release|Any CPU
	EndGlobalSection
	GlobalSection(ProjectConfigurationPlatforms) = postSolution
		{F8B77778-1448-4E08-B4BA-65C99F641B82}.Debug|Any CPU.ActiveCfg = Debug|Any CPU
		{F8B77778-1448-4E08-B4BA-65C99F641B82}.Debug|Any CPU.Build.0 = Debug|Any CPU
		{F8B77778-1448-4E08-B4BA-65C99F641B82}.Release|Any CPU.ActiveCfg = Release|Any CPU
		{F8B77778-1448-4E08-B4BA-65C99F641B82}.Release|Any CPU.Build.0 = Release|Any CPU
	EndGlobalSection
	GlobalSection(SolutionProperties) = preSolution
		HideSolutionNode = FALSE
	EndGlobalSection
	GlobalSection(ExtensibilityGlobals) = postSolution
		SolutionGuid = {8B9636ED-E0DF-4ACB-BD0E-B43290752305}
	EndGlobalSection
EndGlobal
