
Microsoft Visual Studio Solution File, Format Version 12.00
# Visual Studio Version 17
VisualStudioVersion = 17.7.34031.279
MinimumVisualStudioVersion = 10.0.40219.1
Project("{FAE04EC0-301F-11D3-BF4B-00C04F79EFBC}") = "T21 NewCD", "T21 NewCD\T21 NewCD.csproj", "{A6007E2A-0ADD-4DE2-A223-42DF2410BEAA}"
EndProject
Global
	GlobalSection(SolutionConfigurationPlatforms) = preSolution
		Debug|Any CPU = Debug|Any CPU
		Release|Any CPU = Release|Any CPU
	EndGlobalSection
	GlobalSection(ProjectConfigurationPlatforms) = postSolution
		{A6007E2A-0ADD-4DE2-A223-42DF2410BEAA}.Debug|Any CPU.ActiveCfg = Debug|Any CPU
		{A6007E2A-0ADD-4DE2-A223-42DF2410BEAA}.Debug|Any CPU.Build.0 = Debug|Any CPU
		{A6007E2A-0ADD-4DE2-A223-42DF2410BEAA}.Release|Any CPU.ActiveCfg = Release|Any CPU
		{A6007E2A-0ADD-4DE2-A223-42DF2410BEAA}.Release|Any CPU.Build.0 = Release|Any CPU
	EndGlobalSection
	GlobalSection(SolutionProperties) = preSolution
		HideSolutionNode = FALSE
	EndGlobalSection
	GlobalSection(ExtensibilityGlobals) = postSolution
		SolutionGuid = {B3DAC4AD-3768-482D-8987-6C887F2A1A63}
	EndGlobalSection
EndGlobal
