
Microsoft Visual Studio Solution File, Format Version 12.00
# Visual Studio Version 17
VisualStudioVersion = 17.7.34031.279
MinimumVisualStudioVersion = 10.0.40219.1
Project("{FAE04EC0-301F-11D3-BF4B-00C04F79EFBC}") = "T5 Names", "T5 Names\T5 Names.csproj", "{7455473D-7BA8-4EBA-AD85-187073883196}"
EndProject
Global
	GlobalSection(SolutionConfigurationPlatforms) = preSolution
		Debug|Any CPU = Debug|Any CPU
		Release|Any CPU = Release|Any CPU
	EndGlobalSection
	GlobalSection(ProjectConfigurationPlatforms) = postSolution
		{7455473D-7BA8-4EBA-AD85-187073883196}.Debug|Any CPU.ActiveCfg = Debug|Any CPU
		{7455473D-7BA8-4EBA-AD85-187073883196}.Debug|Any CPU.Build.0 = Debug|Any CPU
		{7455473D-7BA8-4EBA-AD85-187073883196}.Release|Any CPU.ActiveCfg = Release|Any CPU
		{7455473D-7BA8-4EBA-AD85-187073883196}.Release|Any CPU.Build.0 = Release|Any CPU
	EndGlobalSection
	GlobalSection(SolutionProperties) = preSolution
		HideSolutionNode = FALSE
	EndGlobalSection
	GlobalSection(ExtensibilityGlobals) = postSolution
		SolutionGuid = {545473DB-96E5-44AF-B1D9-2D4DED4AC3BB}
	EndGlobalSection
EndGlobal
