
Microsoft Visual Studio Solution File, Format Version 12.00
# Visual Studio Version 17
VisualStudioVersion = 17.7.34031.279
MinimumVisualStudioVersion = 10.0.40219.1
Project("{FAE04EC0-301F-11D3-BF4B-00C04F79EFBC}") = "T12 Tank", "T12 Tank\T12 Tank.csproj", "{AD893A7B-3A89-4D30-9CB5-FAA8105883E7}"
EndProject
Global
	GlobalSection(SolutionConfigurationPlatforms) = preSolution
		Debug|Any CPU = Debug|Any CPU
		Release|Any CPU = Release|Any CPU
	EndGlobalSection
	GlobalSection(ProjectConfigurationPlatforms) = postSolution
		{AD893A7B-3A89-4D30-9CB5-FAA8105883E7}.Debug|Any CPU.ActiveCfg = Debug|Any CPU
		{AD893A7B-3A89-4D30-9CB5-FAA8105883E7}.Debug|Any CPU.Build.0 = Debug|Any CPU
		{AD893A7B-3A89-4D30-9CB5-FAA8105883E7}.Release|Any CPU.ActiveCfg = Release|Any CPU
		{AD893A7B-3A89-4D30-9CB5-FAA8105883E7}.Release|Any CPU.Build.0 = Release|Any CPU
	EndGlobalSection
	GlobalSection(SolutionProperties) = preSolution
		HideSolutionNode = FALSE
	EndGlobalSection
	GlobalSection(ExtensibilityGlobals) = postSolution
		SolutionGuid = {2C8DBE27-63FB-47B3-AC4D-1CC02E49D46D}
	EndGlobalSection
EndGlobal
